train:
- name: click
  url: https://github.com/pallets/click.git
  license: BSD-3-Clause
  commit: e1fd5946ab26aaf372009eaff1acf947140b40fb
- name: black
  url: https://github.com/psf/black.git
  license: MIT
  commit: c835e9db6377e6dc55643c83607fa38f17572fad
- name: httpx
  url: https://github.com/encode/httpx.git
  license: BSD-3-Clause
  commit: b5addb64f0161ff6bfe94c124ef76f6a1fba5254
- name: gunicorn
  url: https://github.com/benoitc/gunicorn.git
  license: MIT
  commit: f6805fd40e33745ad8aa9ac05e9fa89d8590b0c0
- name: flask
  url: https://github.com/pallets/flask.git
  license: BSD-3-Clause
  commit: d318b683471101618febed18996405ad26462110
- name: tornado
  url: https://github.com/tornadoweb/tornado.git
  license: Apache-2.0
  commit: 0096f2897c98facdcd9716009ee934a7381af5ef
- name: requests
  url: https://github.com/psf/requests.git
  license: Apache-2.0
  commit: 8f8b212de8c2129d7954c6cd373762880375620a
- name: scrapy
  url: https://github.com/scrapy/scrapy.git
  license: BSD-3-Clause
  commit: ab27dfdb1f0fec66e95a390dd371f270b9428021
- name: pytest
  url: https://github.com/pytest-dev/pytest.git
  license: MIT
  commit: efa117ad49ce197c5971b12310d53b73ed678d92
val:
- name: sqlalchemy
  url: https://github.com/sqlalchemy/sqlalchemy.git
  license: MIT
  commit: 16d00eca61cfc690b2709642f4a2656fb6424875
- name: starlette
  url: https://github.com/encode/starlette.git
  license: BSD-3-Clause
  commit: 398e5a3430eb1ddd33e1d48d766efe41426e231f
- name: sphinx
  url: https://github.com/sphinx-doc/sphinx.git
  license: BSD-2-Clause
  commit: e44a40eb2f810558ccd9da1425421270ccb81351
test:
- name: django
  url: https://github.com/django/django.git
  license: BSD-3-Clause
  commit: cccc004b46f71b4e54d87b376be691a17de6b903
- name: pandas
  url: https://github.com/pandas-dev/pandas.git
  license: BSD-3-Clause
  commit: 16e26867e011c6724ea2915e4d4695e78a083a49
- name: celery
  url: https://github.com/celery/celery.git
  license: BSD-3-Clause
  commit: 2c42237d375718a84f01f3a7b4eb12a85e061e37
